
Microsoft Visual Studio Solution File, Format Version 12.00
# Visual Studio Version 16
VisualStudioVersion = 16.0.30320.27
MinimumVisualStudioVersion = 10.0.40219.1
Project("{FAE04EC0-301F-11D3-BF4B-00C04F79EFBC}") = "XP.Common.UnitTest", "XP.Common.UnitTest\XP.Common.UnitTest.csproj", "{D687DF4F-5B1B-4BCA-8718-42D683934972}"
EndProject
Project("{FAE04EC0-301F-11D3-BF4B-00C04F79EFBC}") = "XP.Util", "XP.Util\XP.Util.csproj", "{D3AABBEC-B6AE-4A7C-9C24-83353507EFC1}"
EndProject
Project("{2150E333-8FDC-42A3-9474-1A3956D46DE8}") = "基础功能", "基础功能", "{ACC8EB00-9291-405D-9CB3-E1610C952341}"
EndProject
Project("{2150E333-8FDC-42A3-9474-1A3956D46DE8}") = "Web基础功能", "Web基础功能", "{9D2A7A3E-DE83-4B27-8662-139A8FCE8A15}"
EndProject
Project("{2150E333-8FDC-42A3-9474-1A3956D46DE8}") = "Win基础功能", "Win基础功能", "{51FB1322-022B-4BF0-9EF4-8F9893377501}"
EndProject
Project("{FAE04EC0-301F-11D3-BF4B-00C04F79EFBC}") = "XP.Util.Win", "XP.Util.Win\XP.Util.Win.csproj", "{52320D2E-25CB-4AD9-B446-D73967C8B74F}"
EndProject
Project("{FAE04EC0-301F-11D3-BF4B-00C04F79EFBC}") = "XP.Comm", "XP.Comm\XP.Comm.csproj", "{0429227A-A0ED-4DB2-86BF-4105BA1E33D4}"
EndProject
Project("{FAE04EC0-301F-11D3-BF4B-00C04F79EFBC}") = "XP.Comm.Web", "XP.Comm.Web\XP.Comm.Web.csproj", "{DEB0EF71-5473-4A09-B36A-6FA356AB6006}"
EndProject
Project("{FAE04EC0-301F-11D3-BF4B-00C04F79EFBC}") = "XP.Util.Web", "XP.Util.Web\XP.Util.Web.csproj", "{A82E5F89-C314-4F08-B36C-A9CE7E3F1951}"
EndProject
Project("{2150E333-8FDC-42A3-9474-1A3956D46DE8}") = "服务器", "服务器", "{AC2DF7A1-FB8A-412E-B8A8-9C6C7E9B7BE2}"
EndProject
Project("{FAE04EC0-301F-11D3-BF4B-00C04F79EFBC}") = "XP.Server.IISMonitor", "服务器\XP.Server.IISMonitor\XP.Server.IISMonitor.csproj", "{7DDD5186-6FFC-4870-8002-13FFA63D425A}"
EndProject
Project("{2150E333-8FDC-42A3-9474-1A3956D46DE8}") = "输入输出", "输入输出", "{6153130D-BB31-4963-8AA4-D154F32438A8}"
EndProject
Project("{FAE04EC0-301F-11D3-BF4B-00C04F79EFBC}") = "XP.File", "输入输出\XP.File\XP.File.csproj", "{2E537554-7364-4B2C-8597-BC08BAFC1563}"
EndProject
Project("{FAE04EC0-301F-11D3-BF4B-00C04F79EFBC}") = "XP.IO.DirAndFile", "输入输出\XP.IO.DirAndFile\XP.IO.DirAndFile.csproj", "{81F6FE06-1295-417F-9BD2-955F8B099BB8}"
EndProject
Project("{2150E333-8FDC-42A3-9474-1A3956D46DE8}") = "图像处理", "图像处理", "{44601370-E0D8-4131-99F8-35120DF530AD}"
EndProject
Project("{FAE04EC0-301F-11D3-BF4B-00C04F79EFBC}") = "XP.Img.GDIPlus", "图像处理\XP.Img.GDIPlus\XP.Img.GDIPlus.csproj", "{D42B039D-5FFB-43FA-9CE7-BDF53F800F39}"
EndProject
Project("{2150E333-8FDC-42A3-9474-1A3956D46DE8}") = "任务队列", "任务队列", "{B779EFDD-E569-420A-B929-7F7941B8FD16}"
EndProject
Project("{FAE04EC0-301F-11D3-BF4B-00C04F79EFBC}") = "XP.Comm.Task", "任务队列\XP.Comm.Task\XP.Comm.Task.csproj", "{9A99C3C9-36D0-4FFF-B76C-A6E0B6A45B28}"
EndProject
Project("{FAE04EC0-301F-11D3-BF4B-00C04F79EFBC}") = "XP.Win.Components", "Win\XP.Win.Components\XP.Win.Components.csproj", "{A493037B-5027-4F66-B481-F912DCD5AB65}"
EndProject
Project("{FAE04EC0-301F-11D3-BF4B-00C04F79EFBC}") = "XP.IO.NPIO", "输入输出\XP.IO.NPIO\XP.IO.NPIO.csproj", "{60ED5B37-9901-4C81-BB9A-E0FDD319D9A9}"
EndProject
Project("{FAE04EC0-301F-11D3-BF4B-00C04F79EFBC}") = "XP.Comm.Win", "Win\XP.Comm.Win\XP.Comm.Win.csproj", "{8CB13041-12D2-4D39-85E6-E701E2F66B2B}"
EndProject
Project("{FAE04EC0-301F-11D3-BF4B-00C04F79EFBC}") = "XP.Comm.Dos", "Win\XP.Comm.Dos\XP.Comm.Dos.csproj", "{21011B85-1797-44AE-849D-5DFA8736D59C}"
EndProject
Project("{2150E333-8FDC-42A3-9474-1A3956D46DE8}") = "数据", "数据", "{0483C7D1-52E6-414A-858B-F6D23BBDF2CB}"
EndProject
Project("{FAE04EC0-301F-11D3-BF4B-00C04F79EFBC}") = "XP.DB.CommRedis", "数据库\XP.DB.CommRedis\XP.DB.CommRedis.csproj", "{1F647EC8-8465-47EC-8433-B2343E9982D3}"
EndProject
Project("{FAE04EC0-301F-11D3-BF4B-00C04F79EFBC}") = "XP.DB.LocalRedis", "数据库\XP.DB.LocalRedis\XP.DB.LocalRedis.csproj", "{DF30C1B4-391F-46D0-9941-420348D6DB83}"
EndProject
Project("{FAE04EC0-301F-11D3-BF4B-00C04F79EFBC}") = "XP.Win.ProgressBars", "Win\XP.Win.ProgressBars\XP.Win.ProgressBars.csproj", "{C71996F8-0B33-4DCE-9B30-356C46DC6697}"
EndProject
Project("{FAE04EC0-301F-11D3-BF4B-00C04F79EFBC}") = "XP.Comm.Console", "Win\XP.Comm.Console\XP.Comm.Console.csproj", "{E19794A8-C6E0-4B59-B85D-1A4CD313CB2E}"
EndProject
Project("{2150E333-8FDC-42A3-9474-1A3956D46DE8}") = "NewFolder1", "NewFolder1", "{AC1CF63B-609F-47A6-BFE6-71718F7D8BAC}"
EndProject
Project("{FAE04EC0-301F-11D3-BF4B-00C04F79EFBC}") = "XP.IO.KeyAndMouse", "输入输出\XP.IO.KeyAndMouse\XP.IO.KeyAndMouse.csproj", "{AEF0D532-90D9-4A5D-93F2-3D039D58CAE8}"
EndProject
Project("{2150E333-8FDC-42A3-9474-1A3956D46DE8}") = "网络和Socket", "网络和Socket", "{61D28DA2-CA5C-4339-B5BD-A8FAD1961140}"
EndProject
Project("{FAE04EC0-301F-11D3-BF4B-00C04F79EFBC}") = "XP.Sockets", "网络和Socket\XP.Sockets\XP.Sockets.csproj", "{D3525C8C-1BEE-478D-8FBC-8A36900F88DE}"
EndProject
Project("{FAE04EC0-301F-11D3-BF4B-00C04F79EFBC}") = "XP.TCP.Server", "网络和Socket\XP.TCP.Server\XP.TCP.Server.csproj", "{CCBD7E33-E855-47C9-8050-A76785F34B22}"
EndProject
Project("{2150E333-8FDC-42A3-9474-1A3956D46DE8}") = "单元测试", "单元测试", "{78E39296-9258-49AA-9B45-85AE3F50D219}"
EndProject
Project("{FAE04EC0-301F-11D3-BF4B-00C04F79EFBC}") = "XP.Util.Win.UT", "单元测试\XP.Util.Win.UT\XP.Util.Win.UT.csproj", "{1EB8AA33-434F-43D0-BF06-B75B917C2CBB}"
EndProject
Project("{FAE04EC0-301F-11D3-BF4B-00C04F79EFBC}") = "XP.Util.UT", "单元测试\XP.Util.UT\XP.Util.UT.csproj", "{5A954B30-5E69-4300-836D-663AAB31EF92}"
EndProject
Project("{FAE04EC0-301F-11D3-BF4B-00C04F79EFBC}") = "XP.Comm.Win.Daemons", "Win\XP.Comm.Win.Daemons\XP.Comm.Win.Daemons.csproj", "{07DAF161-484D-4357-BF1F-A9C055AC78EE}"
EndProject
Project("{FAE04EC0-301F-11D3-BF4B-00C04F79EFBC}") = "XP.DB.BLL.Comm", "数据业务\XP.DB.BLL.Comm\XP.DB.BLL.Comm.csproj", "{C7D8152F-99D1-4B2B-AA09-965D933ED742}"
EndProject
Project("{FAE04EC0-301F-11D3-BF4B-00C04F79EFBC}") = "XP.DB.DAL.Comm", "数据业务\XP.DB.DAL.Comm\XP.DB.DAL.Comm.csproj", "{39DEFD9C-913D-4936-995E-E3C83EE339E3}"
EndProject
Project("{2150E333-8FDC-42A3-9474-1A3956D46DE8}") = "Web基类", "Web基类", "{4372A676-A5A5-48D0-A12A-BA5F39F8DB85}"
EndProject
Project("{FAE04EC0-301F-11D3-BF4B-00C04F79EFBC}") = "XP.Web.Pages", "Web基类\XP.Web.Pages\XP.Web.Pages.csproj", "{663E8B9A-EB1A-4043-9F6D-7BB741C82531}"
EndProject
Project("{FAE04EC0-301F-11D3-BF4B-00C04F79EFBC}") = "XP.Web.ControllerBase", "Web基类\XP.Web.ControllerBase\XP.Web.ControllerBase.csproj", "{6B015DCD-2CBF-4741-8398-F6788757AC1E}"
EndProject
Project("{FAE04EC0-301F-11D3-BF4B-00C04F79EFBC}") = "XP.Sys.Progress", "Win\XP.Sys.Progress\XP.Sys.Progress.csproj", "{E2D712F7-5B00-4B67-8FAC-C93473B11FDB}"
EndProject
Project("{2150E333-8FDC-42A3-9474-1A3956D46DE8}") = "Http和远程", "Http和远程", "{904D05B5-68EE-4611-9E4B-569773B4A972}"
EndProject
Project("{FAE04EC0-301F-11D3-BF4B-00C04F79EFBC}") = "XP.Web.JumonySDK", "Http和远程\XP.Web.JumonySDK\XP.Web.JumonySDK.csproj", "{D79F41A0-A688-4E53-A68B-E73119471CF4}"
EndProject
Global
	GlobalSection(SolutionConfigurationPlatforms) = preSolution
		Debug|Any CPU = Debug|Any CPU
		Release|Any CPU = Release|Any CPU
	EndGlobalSection
	GlobalSection(ProjectConfigurationPlatforms) = postSolution
		{D687DF4F-5B1B-4BCA-8718-42D683934972}.Debug|Any CPU.ActiveCfg = Debug|Any CPU
		{D687DF4F-5B1B-4BCA-8718-42D683934972}.Debug|Any CPU.Build.0 = Debug|Any CPU
		{D687DF4F-5B1B-4BCA-8718-42D683934972}.Release|Any CPU.ActiveCfg = Release|Any CPU
		{D687DF4F-5B1B-4BCA-8718-42D683934972}.Release|Any CPU.Build.0 = Release|Any CPU
		{D3AABBEC-B6AE-4A7C-9C24-83353507EFC1}.Debug|Any CPU.ActiveCfg = Debug|Any CPU
		{D3AABBEC-B6AE-4A7C-9C24-83353507EFC1}.Debug|Any CPU.Build.0 = Debug|Any CPU
		{D3AABBEC-B6AE-4A7C-9C24-83353507EFC1}.Release|Any CPU.ActiveCfg = Release|Any CPU
		{D3AABBEC-B6AE-4A7C-9C24-83353507EFC1}.Release|Any CPU.Build.0 = Release|Any CPU
		{52320D2E-25CB-4AD9-B446-D73967C8B74F}.Debug|Any CPU.ActiveCfg = Debug|Any CPU
		{52320D2E-25CB-4AD9-B446-D73967C8B74F}.Debug|Any CPU.Build.0 = Debug|Any CPU
		{52320D2E-25CB-4AD9-B446-D73967C8B74F}.Release|Any CPU.ActiveCfg = Release|Any CPU
		{52320D2E-25CB-4AD9-B446-D73967C8B74F}.Release|Any CPU.Build.0 = Release|Any CPU
		{0429227A-A0ED-4DB2-86BF-4105BA1E33D4}.Debug|Any CPU.ActiveCfg = Debug|Any CPU
		{0429227A-A0ED-4DB2-86BF-4105BA1E33D4}.Debug|Any CPU.Build.0 = Debug|Any CPU
		{0429227A-A0ED-4DB2-86BF-4105BA1E33D4}.Release|Any CPU.ActiveCfg = Release|Any CPU
		{0429227A-A0ED-4DB2-86BF-4105BA1E33D4}.Release|Any CPU.Build.0 = Release|Any CPU
		{DEB0EF71-5473-4A09-B36A-6FA356AB6006}.Debug|Any CPU.ActiveCfg = Debug|Any CPU
		{DEB0EF71-5473-4A09-B36A-6FA356AB6006}.Debug|Any CPU.Build.0 = Debug|Any CPU
		{DEB0EF71-5473-4A09-B36A-6FA356AB6006}.Release|Any CPU.ActiveCfg = Release|Any CPU
		{DEB0EF71-5473-4A09-B36A-6FA356AB6006}.Release|Any CPU.Build.0 = Release|Any CPU
		{A82E5F89-C314-4F08-B36C-A9CE7E3F1951}.Debug|Any CPU.ActiveCfg = Debug|Any CPU
		{A82E5F89-C314-4F08-B36C-A9CE7E3F1951}.Debug|Any CPU.Build.0 = Debug|Any CPU
		{A82E5F89-C314-4F08-B36C-A9CE7E3F1951}.Release|Any CPU.ActiveCfg = Release|Any CPU
		{A82E5F89-C314-4F08-B36C-A9CE7E3F1951}.Release|Any CPU.Build.0 = Release|Any CPU
		{7DDD5186-6FFC-4870-8002-13FFA63D425A}.Debug|Any CPU.ActiveCfg = Debug|Any CPU
		{7DDD5186-6FFC-4870-8002-13FFA63D425A}.Debug|Any CPU.Build.0 = Debug|Any CPU
		{7DDD5186-6FFC-4870-8002-13FFA63D425A}.Release|Any CPU.ActiveCfg = Release|Any CPU
		{7DDD5186-6FFC-4870-8002-13FFA63D425A}.Release|Any CPU.Build.0 = Release|Any CPU
		{2E537554-7364-4B2C-8597-BC08BAFC1563}.Debug|Any CPU.ActiveCfg = Debug|Any CPU
		{2E537554-7364-4B2C-8597-BC08BAFC1563}.Debug|Any CPU.Build.0 = Debug|Any CPU
		{2E537554-7364-4B2C-8597-BC08BAFC1563}.Release|Any CPU.ActiveCfg = Release|Any CPU
		{2E537554-7364-4B2C-8597-BC08BAFC1563}.Release|Any CPU.Build.0 = Release|Any CPU
		{81F6FE06-1295-417F-9BD2-955F8B099BB8}.Debug|Any CPU.ActiveCfg = Debug|Any CPU
		{81F6FE06-1295-417F-9BD2-955F8B099BB8}.Debug|Any CPU.Build.0 = Debug|Any CPU
		{81F6FE06-1295-417F-9BD2-955F8B099BB8}.Release|Any CPU.ActiveCfg = Release|Any CPU
		{81F6FE06-1295-417F-9BD2-955F8B099BB8}.Release|Any CPU.Build.0 = Release|Any CPU
		{D42B039D-5FFB-43FA-9CE7-BDF53F800F39}.Debug|Any CPU.ActiveCfg = Debug|Any CPU
		{D42B039D-5FFB-43FA-9CE7-BDF53F800F39}.Debug|Any CPU.Build.0 = Debug|Any CPU
		{D42B039D-5FFB-43FA-9CE7-BDF53F800F39}.Release|Any CPU.ActiveCfg = Release|Any CPU
		{D42B039D-5FFB-43FA-9CE7-BDF53F800F39}.Release|Any CPU.Build.0 = Release|Any CPU
		{9A99C3C9-36D0-4FFF-B76C-A6E0B6A45B28}.Debug|Any CPU.ActiveCfg = Debug|Any CPU
		{9A99C3C9-36D0-4FFF-B76C-A6E0B6A45B28}.Debug|Any CPU.Build.0 = Debug|Any CPU
		{9A99C3C9-36D0-4FFF-B76C-A6E0B6A45B28}.Release|Any CPU.ActiveCfg = Release|Any CPU
		{9A99C3C9-36D0-4FFF-B76C-A6E0B6A45B28}.Release|Any CPU.Build.0 = Release|Any CPU
		{A493037B-5027-4F66-B481-F912DCD5AB65}.Debug|Any CPU.ActiveCfg = Debug|Any CPU
		{A493037B-5027-4F66-B481-F912DCD5AB65}.Debug|Any CPU.Build.0 = Debug|Any CPU
		{A493037B-5027-4F66-B481-F912DCD5AB65}.Release|Any CPU.ActiveCfg = Release|Any CPU
		{A493037B-5027-4F66-B481-F912DCD5AB65}.Release|Any CPU.Build.0 = Release|Any CPU
		{60ED5B37-9901-4C81-BB9A-E0FDD319D9A9}.Debug|Any CPU.ActiveCfg = Debug|Any CPU
		{60ED5B37-9901-4C81-BB9A-E0FDD319D9A9}.Debug|Any CPU.Build.0 = Debug|Any CPU
		{60ED5B37-9901-4C81-BB9A-E0FDD319D9A9}.Release|Any CPU.ActiveCfg = Release|Any CPU
		{60ED5B37-9901-4C81-BB9A-E0FDD319D9A9}.Release|Any CPU.Build.0 = Release|Any CPU
		{8CB13041-12D2-4D39-85E6-E701E2F66B2B}.Debug|Any CPU.ActiveCfg = Debug|Any CPU
		{8CB13041-12D2-4D39-85E6-E701E2F66B2B}.Debug|Any CPU.Build.0 = Debug|Any CPU
		{8CB13041-12D2-4D39-85E6-E701E2F66B2B}.Release|Any CPU.ActiveCfg = Release|Any CPU
		{8CB13041-12D2-4D39-85E6-E701E2F66B2B}.Release|Any CPU.Build.0 = Release|Any CPU
		{21011B85-1797-44AE-849D-5DFA8736D59C}.Debug|Any CPU.ActiveCfg = Debug|Any CPU
		{21011B85-1797-44AE-849D-5DFA8736D59C}.Debug|Any CPU.Build.0 = Debug|Any CPU
		{21011B85-1797-44AE-849D-5DFA8736D59C}.Release|Any CPU.ActiveCfg = Release|Any CPU
		{21011B85-1797-44AE-849D-5DFA8736D59C}.Release|Any CPU.Build.0 = Release|Any CPU
		{1F647EC8-8465-47EC-8433-B2343E9982D3}.Debug|Any CPU.ActiveCfg = Debug|Any CPU
		{1F647EC8-8465-47EC-8433-B2343E9982D3}.Debug|Any CPU.Build.0 = Debug|Any CPU
		{1F647EC8-8465-47EC-8433-B2343E9982D3}.Release|Any CPU.ActiveCfg = Release|Any CPU
		{1F647EC8-8465-47EC-8433-B2343E9982D3}.Release|Any CPU.Build.0 = Release|Any CPU
		{DF30C1B4-391F-46D0-9941-420348D6DB83}.Debug|Any CPU.ActiveCfg = Debug|Any CPU
		{DF30C1B4-391F-46D0-9941-420348D6DB83}.Debug|Any CPU.Build.0 = Debug|Any CPU
		{DF30C1B4-391F-46D0-9941-420348D6DB83}.Release|Any CPU.ActiveCfg = Release|Any CPU
		{DF30C1B4-391F-46D0-9941-420348D6DB83}.Release|Any CPU.Build.0 = Release|Any CPU
		{C71996F8-0B33-4DCE-9B30-356C46DC6697}.Debug|Any CPU.ActiveCfg = Debug|Any CPU
		{C71996F8-0B33-4DCE-9B30-356C46DC6697}.Debug|Any CPU.Build.0 = Debug|Any CPU
		{C71996F8-0B33-4DCE-9B30-356C46DC6697}.Release|Any CPU.ActiveCfg = Release|Any CPU
		{C71996F8-0B33-4DCE-9B30-356C46DC6697}.Release|Any CPU.Build.0 = Release|Any CPU
		{E19794A8-C6E0-4B59-B85D-1A4CD313CB2E}.Debug|Any CPU.ActiveCfg = Debug|Any CPU
		{E19794A8-C6E0-4B59-B85D-1A4CD313CB2E}.Debug|Any CPU.Build.0 = Debug|Any CPU
		{E19794A8-C6E0-4B59-B85D-1A4CD313CB2E}.Release|Any CPU.ActiveCfg = Release|Any CPU
		{E19794A8-C6E0-4B59-B85D-1A4CD313CB2E}.Release|Any CPU.Build.0 = Release|Any CPU
		{AEF0D532-90D9-4A5D-93F2-3D039D58CAE8}.Debug|Any CPU.ActiveCfg = Debug|Any CPU
		{AEF0D532-90D9-4A5D-93F2-3D039D58CAE8}.Debug|Any CPU.Build.0 = Debug|Any CPU
		{AEF0D532-90D9-4A5D-93F2-3D039D58CAE8}.Release|Any CPU.ActiveCfg = Release|Any CPU
		{AEF0D532-90D9-4A5D-93F2-3D039D58CAE8}.Release|Any CPU.Build.0 = Release|Any CPU
		{D3525C8C-1BEE-478D-8FBC-8A36900F88DE}.Debug|Any CPU.ActiveCfg = Debug|Any CPU
		{D3525C8C-1BEE-478D-8FBC-8A36900F88DE}.Debug|Any CPU.Build.0 = Debug|Any CPU
		{D3525C8C-1BEE-478D-8FBC-8A36900F88DE}.Release|Any CPU.ActiveCfg = Release|Any CPU
		{D3525C8C-1BEE-478D-8FBC-8A36900F88DE}.Release|Any CPU.Build.0 = Release|Any CPU
		{CCBD7E33-E855-47C9-8050-A76785F34B22}.Debug|Any CPU.ActiveCfg = Debug|Any CPU
		{CCBD7E33-E855-47C9-8050-A76785F34B22}.Debug|Any CPU.Build.0 = Debug|Any CPU
		{CCBD7E33-E855-47C9-8050-A76785F34B22}.Release|Any CPU.ActiveCfg = Release|Any CPU
		{CCBD7E33-E855-47C9-8050-A76785F34B22}.Release|Any CPU.Build.0 = Release|Any CPU
		{1EB8AA33-434F-43D0-BF06-B75B917C2CBB}.Debug|Any CPU.ActiveCfg = Debug|Any CPU
		{1EB8AA33-434F-43D0-BF06-B75B917C2CBB}.Debug|Any CPU.Build.0 = Debug|Any CPU
		{1EB8AA33-434F-43D0-BF06-B75B917C2CBB}.Release|Any CPU.ActiveCfg = Release|Any CPU
		{1EB8AA33-434F-43D0-BF06-B75B917C2CBB}.Release|Any CPU.Build.0 = Release|Any CPU
		{5A954B30-5E69-4300-836D-663AAB31EF92}.Debug|Any CPU.ActiveCfg = Debug|Any CPU
		{5A954B30-5E69-4300-836D-663AAB31EF92}.Debug|Any CPU.Build.0 = Debug|Any CPU
		{5A954B30-5E69-4300-836D-663AAB31EF92}.Release|Any CPU.ActiveCfg = Release|Any CPU
		{5A954B30-5E69-4300-836D-663AAB31EF92}.Release|Any CPU.Build.0 = Release|Any CPU
		{07DAF161-484D-4357-BF1F-A9C055AC78EE}.Debug|Any CPU.ActiveCfg = Debug|Any CPU
		{07DAF161-484D-4357-BF1F-A9C055AC78EE}.Debug|Any CPU.Build.0 = Debug|Any CPU
		{07DAF161-484D-4357-BF1F-A9C055AC78EE}.Release|Any CPU.ActiveCfg = Release|Any CPU
		{07DAF161-484D-4357-BF1F-A9C055AC78EE}.Release|Any CPU.Build.0 = Release|Any CPU
		{C7D8152F-99D1-4B2B-AA09-965D933ED742}.Debug|Any CPU.ActiveCfg = Debug|Any CPU
		{C7D8152F-99D1-4B2B-AA09-965D933ED742}.Debug|Any CPU.Build.0 = Debug|Any CPU
		{C7D8152F-99D1-4B2B-AA09-965D933ED742}.Release|Any CPU.ActiveCfg = Release|Any CPU
		{C7D8152F-99D1-4B2B-AA09-965D933ED742}.Release|Any CPU.Build.0 = Release|Any CPU
		{39DEFD9C-913D-4936-995E-E3C83EE339E3}.Debug|Any CPU.ActiveCfg = Debug|Any CPU
		{39DEFD9C-913D-4936-995E-E3C83EE339E3}.Debug|Any CPU.Build.0 = Debug|Any CPU
		{39DEFD9C-913D-4936-995E-E3C83EE339E3}.Release|Any CPU.ActiveCfg = Release|Any CPU
		{39DEFD9C-913D-4936-995E-E3C83EE339E3}.Release|Any CPU.Build.0 = Release|Any CPU
		{663E8B9A-EB1A-4043-9F6D-7BB741C82531}.Debug|Any CPU.ActiveCfg = Debug|Any CPU
		{663E8B9A-EB1A-4043-9F6D-7BB741C82531}.Debug|Any CPU.Build.0 = Debug|Any CPU
		{663E8B9A-EB1A-4043-9F6D-7BB741C82531}.Release|Any CPU.ActiveCfg = Release|Any CPU
		{663E8B9A-EB1A-4043-9F6D-7BB741C82531}.Release|Any CPU.Build.0 = Release|Any CPU
		{6B015DCD-2CBF-4741-8398-F6788757AC1E}.Debug|Any CPU.ActiveCfg = Debug|Any CPU
		{6B015DCD-2CBF-4741-8398-F6788757AC1E}.Debug|Any CPU.Build.0 = Debug|Any CPU
		{6B015DCD-2CBF-4741-8398-F6788757AC1E}.Release|Any CPU.ActiveCfg = Release|Any CPU
		{6B015DCD-2CBF-4741-8398-F6788757AC1E}.Release|Any CPU.Build.0 = Release|Any CPU
		{E2D712F7-5B00-4B67-8FAC-C93473B11FDB}.Debug|Any CPU.ActiveCfg = Debug|Any CPU
		{E2D712F7-5B00-4B67-8FAC-C93473B11FDB}.Debug|Any CPU.Build.0 = Debug|Any CPU
		{E2D712F7-5B00-4B67-8FAC-C93473B11FDB}.Release|Any CPU.ActiveCfg = Release|Any CPU
		{E2D712F7-5B00-4B67-8FAC-C93473B11FDB}.Release|Any CPU.Build.0 = Release|Any CPU
		{D79F41A0-A688-4E53-A68B-E73119471CF4}.Debug|Any CPU.ActiveCfg = Debug|Any CPU
		{D79F41A0-A688-4E53-A68B-E73119471CF4}.Debug|Any CPU.Build.0 = Debug|Any CPU
		{D79F41A0-A688-4E53-A68B-E73119471CF4}.Release|Any CPU.ActiveCfg = Release|Any CPU
		{D79F41A0-A688-4E53-A68B-E73119471CF4}.Release|Any CPU.Build.0 = Release|Any CPU
	EndGlobalSection
	GlobalSection(SolutionProperties) = preSolution
		HideSolutionNode = FALSE
	EndGlobalSection
	GlobalSection(NestedProjects) = preSolution
		{D3AABBEC-B6AE-4A7C-9C24-83353507EFC1} = {ACC8EB00-9291-405D-9CB3-E1610C952341}
		{52320D2E-25CB-4AD9-B446-D73967C8B74F} = {51FB1322-022B-4BF0-9EF4-8F9893377501}
		{0429227A-A0ED-4DB2-86BF-4105BA1E33D4} = {ACC8EB00-9291-405D-9CB3-E1610C952341}
		{DEB0EF71-5473-4A09-B36A-6FA356AB6006} = {9D2A7A3E-DE83-4B27-8662-139A8FCE8A15}
		{A82E5F89-C314-4F08-B36C-A9CE7E3F1951} = {9D2A7A3E-DE83-4B27-8662-139A8FCE8A15}
		{7DDD5186-6FFC-4870-8002-13FFA63D425A} = {AC2DF7A1-FB8A-412E-B8A8-9C6C7E9B7BE2}
		{2E537554-7364-4B2C-8597-BC08BAFC1563} = {6153130D-BB31-4963-8AA4-D154F32438A8}
		{81F6FE06-1295-417F-9BD2-955F8B099BB8} = {6153130D-BB31-4963-8AA4-D154F32438A8}
		{D42B039D-5FFB-43FA-9CE7-BDF53F800F39} = {44601370-E0D8-4131-99F8-35120DF530AD}
		{9A99C3C9-36D0-4FFF-B76C-A6E0B6A45B28} = {B779EFDD-E569-420A-B929-7F7941B8FD16}
		{A493037B-5027-4F66-B481-F912DCD5AB65} = {51FB1322-022B-4BF0-9EF4-8F9893377501}
		{60ED5B37-9901-4C81-BB9A-E0FDD319D9A9} = {6153130D-BB31-4963-8AA4-D154F32438A8}
		{8CB13041-12D2-4D39-85E6-E701E2F66B2B} = {51FB1322-022B-4BF0-9EF4-8F9893377501}
		{21011B85-1797-44AE-849D-5DFA8736D59C} = {51FB1322-022B-4BF0-9EF4-8F9893377501}
		{1F647EC8-8465-47EC-8433-B2343E9982D3} = {0483C7D1-52E6-414A-858B-F6D23BBDF2CB}
		{DF30C1B4-391F-46D0-9941-420348D6DB83} = {0483C7D1-52E6-414A-858B-F6D23BBDF2CB}
		{C71996F8-0B33-4DCE-9B30-356C46DC6697} = {51FB1322-022B-4BF0-9EF4-8F9893377501}
		{E19794A8-C6E0-4B59-B85D-1A4CD313CB2E} = {51FB1322-022B-4BF0-9EF4-8F9893377501}
		{AC1CF63B-609F-47A6-BFE6-71718F7D8BAC} = {6153130D-BB31-4963-8AA4-D154F32438A8}
		{AEF0D532-90D9-4A5D-93F2-3D039D58CAE8} = {6153130D-BB31-4963-8AA4-D154F32438A8}
		{D3525C8C-1BEE-478D-8FBC-8A36900F88DE} = {61D28DA2-CA5C-4339-B5BD-A8FAD1961140}
		{CCBD7E33-E855-47C9-8050-A76785F34B22} = {61D28DA2-CA5C-4339-B5BD-A8FAD1961140}
		{1EB8AA33-434F-43D0-BF06-B75B917C2CBB} = {78E39296-9258-49AA-9B45-85AE3F50D219}
		{5A954B30-5E69-4300-836D-663AAB31EF92} = {78E39296-9258-49AA-9B45-85AE3F50D219}
		{07DAF161-484D-4357-BF1F-A9C055AC78EE} = {51FB1322-022B-4BF0-9EF4-8F9893377501}
		{C7D8152F-99D1-4B2B-AA09-965D933ED742} = {0483C7D1-52E6-414A-858B-F6D23BBDF2CB}
		{39DEFD9C-913D-4936-995E-E3C83EE339E3} = {0483C7D1-52E6-414A-858B-F6D23BBDF2CB}
		{663E8B9A-EB1A-4043-9F6D-7BB741C82531} = {4372A676-A5A5-48D0-A12A-BA5F39F8DB85}
		{6B015DCD-2CBF-4741-8398-F6788757AC1E} = {4372A676-A5A5-48D0-A12A-BA5F39F8DB85}
		{E2D712F7-5B00-4B67-8FAC-C93473B11FDB} = {51FB1322-022B-4BF0-9EF4-8F9893377501}
		{D79F41A0-A688-4E53-A68B-E73119471CF4} = {904D05B5-68EE-4611-9E4B-569773B4A972}
	EndGlobalSection
	GlobalSection(ExtensibilityGlobals) = postSolution
		SolutionGuid = {92B126EC-73AA-4139-8040-321D129CCF00}
	EndGlobalSection
EndGlobal
