
Microsoft Visual Studio Solution File, Format Version 12.00
# Visual Studio 2013
VisualStudioVersion = 12.0.40629.0
MinimumVisualStudioVersion = 10.0.40219.1
Project("{FAE04EC0-301F-11D3-BF4B-00C04F79EFBC}") = "XP.Common.UnitTest", "XP.Common.UnitTest\XP.Common.UnitTest.csproj", "{D687DF4F-5B1B-4BCA-8718-42D683934972}"
EndProject
Project("{FAE04EC0-301F-11D3-BF4B-00C04F79EFBC}") = "XP.Util", "XP.Util\XP.Util.csproj", "{D3AABBEC-B6AE-4A7C-9C24-83353507EFC1}"
EndProject
Project("{2150E333-8FDC-42A3-9474-1A3956D46DE8}") = "基础功能", "基础功能", "{ACC8EB00-9291-405D-9CB3-E1610C952341}"
EndProject
Project("{2150E333-8FDC-42A3-9474-1A3956D46DE8}") = "Web基础功能", "Web基础功能", "{9D2A7A3E-DE83-4B27-8662-139A8FCE8A15}"
EndProject
Project("{2150E333-8FDC-42A3-9474-1A3956D46DE8}") = "Win基础功能", "Win基础功能", "{51FB1322-022B-4BF0-9EF4-8F9893377501}"
EndProject
Project("{FAE04EC0-301F-11D3-BF4B-00C04F79EFBC}") = "XP.Util.Win", "XP.Util.Win\XP.Util.Win.csproj", "{52320D2E-25CB-4AD9-B446-D73967C8B74F}"
EndProject
Project("{FAE04EC0-301F-11D3-BF4B-00C04F79EFBC}") = "XP.Comm", "XP.Comm\XP.Comm.csproj", "{0429227A-A0ED-4DB2-86BF-4105BA1E33D4}"
EndProject
Project("{FAE04EC0-301F-11D3-BF4B-00C04F79EFBC}") = "XP.Comm.Web", "XP.Comm.Web\XP.Comm.Web.csproj", "{DEB0EF71-5473-4A09-B36A-6FA356AB6006}"
EndProject
Project("{FAE04EC0-301F-11D3-BF4B-00C04F79EFBC}") = "XP.Util.Web", "XP.Util.Web\XP.Util.Web.csproj", "{A82E5F89-C314-4F08-B36C-A9CE7E3F1951}"
EndProject
Project("{2150E333-8FDC-42A3-9474-1A3956D46DE8}") = "服务器", "服务器", "{AC2DF7A1-FB8A-412E-B8A8-9C6C7E9B7BE2}"
EndProject
Project("{FAE04EC0-301F-11D3-BF4B-00C04F79EFBC}") = "XP.Server.IISMonitor", "XP.Server.IISMonitor\XP.Server.IISMonitor.csproj", "{7DDD5186-6FFC-4870-8002-13FFA63D425A}"
EndProject
Global
	GlobalSection(SolutionConfigurationPlatforms) = preSolution
		Debug|Any CPU = Debug|Any CPU
		Release|Any CPU = Release|Any CPU
	EndGlobalSection
	GlobalSection(ProjectConfigurationPlatforms) = postSolution
		{D687DF4F-5B1B-4BCA-8718-42D683934972}.Debug|Any CPU.ActiveCfg = Debug|Any CPU
		{D687DF4F-5B1B-4BCA-8718-42D683934972}.Debug|Any CPU.Build.0 = Debug|Any CPU
		{D687DF4F-5B1B-4BCA-8718-42D683934972}.Release|Any CPU.ActiveCfg = Release|Any CPU
		{D687DF4F-5B1B-4BCA-8718-42D683934972}.Release|Any CPU.Build.0 = Release|Any CPU
		{D3AABBEC-B6AE-4A7C-9C24-83353507EFC1}.Debug|Any CPU.ActiveCfg = Debug|Any CPU
		{D3AABBEC-B6AE-4A7C-9C24-83353507EFC1}.Debug|Any CPU.Build.0 = Debug|Any CPU
		{D3AABBEC-B6AE-4A7C-9C24-83353507EFC1}.Release|Any CPU.ActiveCfg = Release|Any CPU
		{D3AABBEC-B6AE-4A7C-9C24-83353507EFC1}.Release|Any CPU.Build.0 = Release|Any CPU
		{52320D2E-25CB-4AD9-B446-D73967C8B74F}.Debug|Any CPU.ActiveCfg = Debug|Any CPU
		{52320D2E-25CB-4AD9-B446-D73967C8B74F}.Debug|Any CPU.Build.0 = Debug|Any CPU
		{52320D2E-25CB-4AD9-B446-D73967C8B74F}.Release|Any CPU.ActiveCfg = Release|Any CPU
		{52320D2E-25CB-4AD9-B446-D73967C8B74F}.Release|Any CPU.Build.0 = Release|Any CPU
		{0429227A-A0ED-4DB2-86BF-4105BA1E33D4}.Debug|Any CPU.ActiveCfg = Debug|Any CPU
		{0429227A-A0ED-4DB2-86BF-4105BA1E33D4}.Debug|Any CPU.Build.0 = Debug|Any CPU
		{0429227A-A0ED-4DB2-86BF-4105BA1E33D4}.Release|Any CPU.ActiveCfg = Release|Any CPU
		{0429227A-A0ED-4DB2-86BF-4105BA1E33D4}.Release|Any CPU.Build.0 = Release|Any CPU
		{DEB0EF71-5473-4A09-B36A-6FA356AB6006}.Debug|Any CPU.ActiveCfg = Debug|Any CPU
		{DEB0EF71-5473-4A09-B36A-6FA356AB6006}.Debug|Any CPU.Build.0 = Debug|Any CPU
		{DEB0EF71-5473-4A09-B36A-6FA356AB6006}.Release|Any CPU.ActiveCfg = Release|Any CPU
		{DEB0EF71-5473-4A09-B36A-6FA356AB6006}.Release|Any CPU.Build.0 = Release|Any CPU
		{A82E5F89-C314-4F08-B36C-A9CE7E3F1951}.Debug|Any CPU.ActiveCfg = Debug|Any CPU
		{A82E5F89-C314-4F08-B36C-A9CE7E3F1951}.Debug|Any CPU.Build.0 = Debug|Any CPU
		{A82E5F89-C314-4F08-B36C-A9CE7E3F1951}.Release|Any CPU.ActiveCfg = Release|Any CPU
		{A82E5F89-C314-4F08-B36C-A9CE7E3F1951}.Release|Any CPU.Build.0 = Release|Any CPU
		{7DDD5186-6FFC-4870-8002-13FFA63D425A}.Debug|Any CPU.ActiveCfg = Debug|Any CPU
		{7DDD5186-6FFC-4870-8002-13FFA63D425A}.Debug|Any CPU.Build.0 = Debug|Any CPU
		{7DDD5186-6FFC-4870-8002-13FFA63D425A}.Release|Any CPU.ActiveCfg = Release|Any CPU
		{7DDD5186-6FFC-4870-8002-13FFA63D425A}.Release|Any CPU.Build.0 = Release|Any CPU
	EndGlobalSection
	GlobalSection(SolutionProperties) = preSolution
		HideSolutionNode = FALSE
	EndGlobalSection
	GlobalSection(NestedProjects) = preSolution
		{D3AABBEC-B6AE-4A7C-9C24-83353507EFC1} = {ACC8EB00-9291-405D-9CB3-E1610C952341}
		{52320D2E-25CB-4AD9-B446-D73967C8B74F} = {51FB1322-022B-4BF0-9EF4-8F9893377501}
		{0429227A-A0ED-4DB2-86BF-4105BA1E33D4} = {ACC8EB00-9291-405D-9CB3-E1610C952341}
		{DEB0EF71-5473-4A09-B36A-6FA356AB6006} = {9D2A7A3E-DE83-4B27-8662-139A8FCE8A15}
		{A82E5F89-C314-4F08-B36C-A9CE7E3F1951} = {9D2A7A3E-DE83-4B27-8662-139A8FCE8A15}
		{7DDD5186-6FFC-4870-8002-13FFA63D425A} = {AC2DF7A1-FB8A-412E-B8A8-9C6C7E9B7BE2}
	EndGlobalSection
EndGlobal
